
Microsoft Visual Studio Solution File, Format Version 12.00
# Visual Studio 2013
VisualStudioVersion = 12.0.31101.0
MinimumVisualStudioVersion = 10.0.40219.1
Project("{8BC9CEB8-8B4A-11D0-8D11-00A0C91BC942}") = "MPISimpleTransferAdd", "MPISimpleTransferAdd\MPISimpleTransferAdd.vcxproj", "{7D3E85E4-891C-4F51-9FC2-00BA6D7AE895}"
EndProject
Project("{8BC9CEB8-8B4A-11D0-8D11-00A0C91BC942}") = "MPISimpleTransfer", "MPISimpleTransfer\MPISimpleTransfer.vcxproj", "{D8FDC1DA-EA5E-4A5C-99A3-70926C13EE22}"
EndProject
Project("{8BC9CEB8-8B4A-11D0-8D11-00A0C91BC942}") = "MPISimpleTransferRing", "MPISimpleTransferRing\MPISimpleTransferRing.vcxproj", "{B28D47FE-B764-4F25-AE71-52C9A7DC0455}"
EndProject
Project("{8BC9CEB8-8B4A-11D0-8D11-00A0C91BC942}") = "MPIRingAllPersonal2", "MPIRingAllPersonal2\MPIRingAllPersonal2.vcxproj", "{FB3BC45F-B83C-4324-8B31-91C7BAB8BC72}"
EndProject
Project("{8BC9CEB8-8B4A-11D0-8D11-00A0C91BC942}") = "MPIMatrixVectorMultiplication", "MPIMatrixVectorMultiplication\MPIMatrixVectorMultiplication.vcxproj", "{03CF10A4-B5EB-4BA6-8C5E-70D65E272102}"
EndProject
Project("{8BC9CEB8-8B4A-11D0-8D11-00A0C91BC942}") = "MPIRankSort", "MPIRankSort\MPIRankSort.vcxproj", "{AE0E1866-4312-42C7-9D45-E195E5796360}"
EndProject
Global
	GlobalSection(SolutionConfigurationPlatforms) = preSolution
		Debug|Mixed Platforms = Debug|Mixed Platforms
		Debug|Win32 = Debug|Win32
		Debug|x64 = Debug|x64
		Release|Mixed Platforms = Release|Mixed Platforms
		Release|Win32 = Release|Win32
		Release|x64 = Release|x64
	EndGlobalSection
	GlobalSection(ProjectConfigurationPlatforms) = postSolution
		{7D3E85E4-891C-4F51-9FC2-00BA6D7AE895}.Debug|Mixed Platforms.ActiveCfg = Debug|Win32
		{7D3E85E4-891C-4F51-9FC2-00BA6D7AE895}.Debug|Mixed Platforms.Build.0 = Debug|Win32
		{7D3E85E4-891C-4F51-9FC2-00BA6D7AE895}.Debug|Win32.ActiveCfg = Debug|Win32
		{7D3E85E4-891C-4F51-9FC2-00BA6D7AE895}.Debug|Win32.Build.0 = Debug|Win32
		{7D3E85E4-891C-4F51-9FC2-00BA6D7AE895}.Debug|x64.ActiveCfg = Debug|x64
		{7D3E85E4-891C-4F51-9FC2-00BA6D7AE895}.Debug|x64.Build.0 = Debug|x64
		{7D3E85E4-891C-4F51-9FC2-00BA6D7AE895}.Release|Mixed Platforms.ActiveCfg = Release|Win32
		{7D3E85E4-891C-4F51-9FC2-00BA6D7AE895}.Release|Mixed Platforms.Build.0 = Release|Win32
		{7D3E85E4-891C-4F51-9FC2-00BA6D7AE895}.Release|Win32.ActiveCfg = Release|Win32
		{7D3E85E4-891C-4F51-9FC2-00BA6D7AE895}.Release|Win32.Build.0 = Release|Win32
		{7D3E85E4-891C-4F51-9FC2-00BA6D7AE895}.Release|x64.ActiveCfg = Release|x64
		{7D3E85E4-891C-4F51-9FC2-00BA6D7AE895}.Release|x64.Build.0 = Release|x64
		{D8FDC1DA-EA5E-4A5C-99A3-70926C13EE22}.Debug|Mixed Platforms.ActiveCfg = Debug|Win32
		{D8FDC1DA-EA5E-4A5C-99A3-70926C13EE22}.Debug|Mixed Platforms.Build.0 = Debug|Win32
		{D8FDC1DA-EA5E-4A5C-99A3-70926C13EE22}.Debug|Win32.ActiveCfg = Debug|Win32
		{D8FDC1DA-EA5E-4A5C-99A3-70926C13EE22}.Debug|Win32.Build.0 = Debug|Win32
		{D8FDC1DA-EA5E-4A5C-99A3-70926C13EE22}.Debug|x64.ActiveCfg = Debug|x64
		{D8FDC1DA-EA5E-4A5C-99A3-70926C13EE22}.Debug|x64.Build.0 = Debug|x64
		{D8FDC1DA-EA5E-4A5C-99A3-70926C13EE22}.Release|Mixed Platforms.ActiveCfg = Release|Win32
		{D8FDC1DA-EA5E-4A5C-99A3-70926C13EE22}.Release|Mixed Platforms.Build.0 = Release|Win32
		{D8FDC1DA-EA5E-4A5C-99A3-70926C13EE22}.Release|Win32.ActiveCfg = Release|Win32
		{D8FDC1DA-EA5E-4A5C-99A3-70926C13EE22}.Release|Win32.Build.0 = Release|Win32
		{D8FDC1DA-EA5E-4A5C-99A3-70926C13EE22}.Release|x64.ActiveCfg = Release|x64
		{D8FDC1DA-EA5E-4A5C-99A3-70926C13EE22}.Release|x64.Build.0 = Release|x64
		{B28D47FE-B764-4F25-AE71-52C9A7DC0455}.Debug|Mixed Platforms.ActiveCfg = Debug|Win32
		{B28D47FE-B764-4F25-AE71-52C9A7DC0455}.Debug|Mixed Platforms.Build.0 = Debug|Win32
		{B28D47FE-B764-4F25-AE71-52C9A7DC0455}.Debug|Win32.ActiveCfg = Debug|Win32
		{B28D47FE-B764-4F25-AE71-52C9A7DC0455}.Debug|Win32.Build.0 = Debug|Win32
		{B28D47FE-B764-4F25-AE71-52C9A7DC0455}.Debug|x64.ActiveCfg = Debug|x64
		{B28D47FE-B764-4F25-AE71-52C9A7DC0455}.Debug|x64.Build.0 = Debug|x64
		{B28D47FE-B764-4F25-AE71-52C9A7DC0455}.Release|Mixed Platforms.ActiveCfg = Release|Win32
		{B28D47FE-B764-4F25-AE71-52C9A7DC0455}.Release|Mixed Platforms.Build.0 = Release|Win32
		{B28D47FE-B764-4F25-AE71-52C9A7DC0455}.Release|Win32.ActiveCfg = Release|Win32
		{B28D47FE-B764-4F25-AE71-52C9A7DC0455}.Release|Win32.Build.0 = Release|Win32
		{B28D47FE-B764-4F25-AE71-52C9A7DC0455}.Release|x64.ActiveCfg = Release|x64
		{B28D47FE-B764-4F25-AE71-52C9A7DC0455}.Release|x64.Build.0 = Release|x64
		{FB3BC45F-B83C-4324-8B31-91C7BAB8BC72}.Debug|Mixed Platforms.ActiveCfg = Debug|Win32
		{FB3BC45F-B83C-4324-8B31-91C7BAB8BC72}.Debug|Mixed Platforms.Build.0 = Debug|Win32
		{FB3BC45F-B83C-4324-8B31-91C7BAB8BC72}.Debug|Win32.ActiveCfg = Debug|Win32
		{FB3BC45F-B83C-4324-8B31-91C7BAB8BC72}.Debug|Win32.Build.0 = Debug|Win32
		{FB3BC45F-B83C-4324-8B31-91C7BAB8BC72}.Debug|x64.ActiveCfg = Debug|x64
		{FB3BC45F-B83C-4324-8B31-91C7BAB8BC72}.Debug|x64.Build.0 = Debug|x64
		{FB3BC45F-B83C-4324-8B31-91C7BAB8BC72}.Release|Mixed Platforms.ActiveCfg = Release|Win32
		{FB3BC45F-B83C-4324-8B31-91C7BAB8BC72}.Release|Mixed Platforms.Build.0 = Release|Win32
		{FB3BC45F-B83C-4324-8B31-91C7BAB8BC72}.Release|Win32.ActiveCfg = Release|Win32
		{FB3BC45F-B83C-4324-8B31-91C7BAB8BC72}.Release|Win32.Build.0 = Release|Win32
		{FB3BC45F-B83C-4324-8B31-91C7BAB8BC72}.Release|x64.ActiveCfg = Release|x64
		{FB3BC45F-B83C-4324-8B31-91C7BAB8BC72}.Release|x64.Build.0 = Release|x64
		{03CF10A4-B5EB-4BA6-8C5E-70D65E272102}.Debug|Mixed Platforms.ActiveCfg = Debug|Win32
		{03CF10A4-B5EB-4BA6-8C5E-70D65E272102}.Debug|Mixed Platforms.Build.0 = Debug|Win32
		{03CF10A4-B5EB-4BA6-8C5E-70D65E272102}.Debug|Win32.ActiveCfg = Debug|Win32
		{03CF10A4-B5EB-4BA6-8C5E-70D65E272102}.Debug|Win32.Build.0 = Debug|Win32
		{03CF10A4-B5EB-4BA6-8C5E-70D65E272102}.Debug|x64.ActiveCfg = Debug|x64
		{03CF10A4-B5EB-4BA6-8C5E-70D65E272102}.Debug|x64.Build.0 = Debug|x64
		{03CF10A4-B5EB-4BA6-8C5E-70D65E272102}.Release|Mixed Platforms.ActiveCfg = Release|Win32
		{03CF10A4-B5EB-4BA6-8C5E-70D65E272102}.Release|Mixed Platforms.Build.0 = Release|Win32
		{03CF10A4-B5EB-4BA6-8C5E-70D65E272102}.Release|Win32.ActiveCfg = Release|Win32
		{03CF10A4-B5EB-4BA6-8C5E-70D65E272102}.Release|Win32.Build.0 = Release|Win32
		{03CF10A4-B5EB-4BA6-8C5E-70D65E272102}.Release|x64.ActiveCfg = Release|x64
		{03CF10A4-B5EB-4BA6-8C5E-70D65E272102}.Release|x64.Build.0 = Release|x64
		{AE0E1866-4312-42C7-9D45-E195E5796360}.Debug|Mixed Platforms.ActiveCfg = Debug|Win32
		{AE0E1866-4312-42C7-9D45-E195E5796360}.Debug|Mixed Platforms.Build.0 = Debug|Win32
		{AE0E1866-4312-42C7-9D45-E195E5796360}.Debug|Win32.ActiveCfg = Debug|Win32
		{AE0E1866-4312-42C7-9D45-E195E5796360}.Debug|Win32.Build.0 = Debug|Win32
		{AE0E1866-4312-42C7-9D45-E195E5796360}.Debug|x64.ActiveCfg = Debug|x64
		{AE0E1866-4312-42C7-9D45-E195E5796360}.Debug|x64.Build.0 = Debug|x64
		{AE0E1866-4312-42C7-9D45-E195E5796360}.Release|Mixed Platforms.ActiveCfg = Release|Win32
		{AE0E1866-4312-42C7-9D45-E195E5796360}.Release|Mixed Platforms.Build.0 = Release|Win32
		{AE0E1866-4312-42C7-9D45-E195E5796360}.Release|Win32.ActiveCfg = Release|Win32
		{AE0E1866-4312-42C7-9D45-E195E5796360}.Release|Win32.Build.0 = Release|Win32
		{AE0E1866-4312-42C7-9D45-E195E5796360}.Release|x64.ActiveCfg = Release|x64
		{AE0E1866-4312-42C7-9D45-E195E5796360}.Release|x64.Build.0 = Release|x64
	EndGlobalSection
	GlobalSection(SolutionProperties) = preSolution
		HideSolutionNode = FALSE
	EndGlobalSection
EndGlobal
